// !$*UTF8*$!
{
	archiveVersion = 1;
	classes = {
	};
	objectVersion = 46;
	objects = {

/* Begin PBXBuildFile section */
		C37B6C4616E7364E00F4DA5F /* UIKit.framework in Frameworks */ = {isa = PBXBuildFile; fileRef = C37B6C4516E7364E00F4DA5F /* UIKit.framework */; };
		C37B6C4816E7364E00F4DA5F /* Foundation.framework in Frameworks */ = {isa = PBXBuildFile; fileRef = C37B6C4716E7364E00F4DA5F /* Foundation.framework */; };
		C37B6C4A16E7364E00F4DA5F /* CoreGraphics.framework in Frameworks */ = {isa = PBXBuildFile; fileRef = C37B6C4916E7364E00F4DA5F /* CoreGraphics.framework */; };
		C37B6C5016E7364E00F4DA5F /* InfoPlist.strings in Resources */ = {isa = PBXBuildFile; fileRef = C37B6C4E16E7364E00F4DA5F /* InfoPlist.strings */; };
		C37B6C5216E7364E00F4DA5F /* main.m in Sources */ = {isa = PBXBuildFile; fileRef = C37B6C5116E7364E00F4DA5F /* main.m */; };
		C37B6C5616E7364E00F4DA5F /* ABAppDelegate.m in Sources */ = {isa = PBXBuildFile; fileRef = C37B6C5516E7364E00F4DA5F /* ABAppDelegate.m */; };
		C37B6C5816E7364E00F4DA5F /* Default.png in Resources */ = {isa = PBXBuildFile; fileRef = C37B6C5716E7364E00F4DA5F /* Default.png */; };
		C37B6C5A16E7364E00F4DA5F /* Default@2x.png in Resources */ = {isa = PBXBuildFile; fileRef = C37B6C5916E7364E00F4DA5F /* Default@2x.png */; };
		C37B6C5C16E7364E00F4DA5F /* Default-568h@2x.png in Resources */ = {isa = PBXBuildFile; fileRef = C37B6C5B16E7364E00F4DA5F /* Default-568h@2x.png */; };
		C37B6C5F16E7364E00F4DA5F /* ABViewController.m in Sources */ = {isa = PBXBuildFile; fileRef = C37B6C5E16E7364E00F4DA5F /* ABViewController.m */; };
		C37B6C6216E7364E00F4DA5F /* ABViewController_iPhone.xib in Resources */ = {isa = PBXBuildFile; fileRef = C37B6C6016E7364E00F4DA5F /* ABViewController_iPhone.xib */; };
		C37B6C6516E7364E00F4DA5F /* ABViewController_iPad.xib in Resources */ = {isa = PBXBuildFile; fileRef = C37B6C6316E7364E00F4DA5F /* ABViewController_iPad.xib */; };
/* End PBXBuildFile section */

/* Begin PBXFileReference section */
		C37B6C4216E7364E00F4DA5F /* TestProject.app */ = {isa = PBXFileReference; explicitFileType = wrapper.application; includeInIndex = 0; path = TestProject.app; sourceTree = BUILT_PRODUCTS_DIR; };
		C37B6C4516E7364E00F4DA5F /* UIKit.framework */ = {isa = PBXFileReference; lastKnownFileType = wrapper.framework; name = UIKit.framework; path = System/Library/Frameworks/UIKit.framework; sourceTree = SDKROOT; };
		C37B6C4716E7364E00F4DA5F /* Foundation.framework */ = {isa = PBXFileReference; lastKnownFileType = wrapper.framework; name = Foundation.framework; path = System/Library/Frameworks/Foundation.framework; sourceTree = SDKROOT; };
		C37B6C4916E7364E00F4DA5F /* CoreGraphics.framework */ = {isa = PBXFileReference; lastKnownFileType = wrapper.framework; name = CoreGraphics.framework; path = System/Library/Frameworks/CoreGraphics.framework; sourceTree = SDKROOT; };
		C37B6C4D16E7364E00F4DA5F /* TestProject-Info.plist */ = {isa = PBXFileReference; lastKnownFileType = text.plist.xml; path = "TestProject-Info.plist"; sourceTree = "<group>"; };
		C37B6C4F16E7364E00F4DA5F /* en */ = {isa = PBXFileReference; lastKnownFileType = text.plist.strings; name = en; path = en.lproj/InfoPlist.strings; sourceTree = "<group>"; };
		C37B6C5116E7364E00F4DA5F /* main.m */ = {isa = PBXFileReference; lastKnownFileType = sourcecode.c.objc; path = main.m; sourceTree = "<group>"; };
		C37B6C5316E7364E00F4DA5F /* TestProject-Prefix.pch */ = {isa = PBXFileReference; lastKnownFileType = sourcecode.c.h; path = "TestProject-Prefix.pch"; sourceTree = "<group>"; };
		C37B6C5416E7364E00F4DA5F /* ABAppDelegate.h */ = {isa = PBXFileReference; lastKnownFileType = sourcecode.c.h; path = ABAppDelegate.h; sourceTree = "<group>"; };
		C37B6C5516E7364E00F4DA5F /* ABAppDelegate.m */ = {isa = PBXFileReference; lastKnownFileType = sourcecode.c.objc; path = ABAppDelegate.m; sourceTree = "<group>"; };
		C37B6C5716E7364E00F4DA5F /* Default.png */ = {isa = PBXFileReference; lastKnownFileType = image.png; path = Default.png; sourceTree = "<group>"; };
		C37B6C5916E7364E00F4DA5F /* Default@2x.png */ = {isa = PBXFileReference; lastKnownFileType = image.png; path = "Default@2x.png"; sourceTree = "<group>"; };
		C37B6C5B16E7364E00F4DA5F /* Default-568h@2x.png */ = {isa = PBXFileReference; lastKnownFileType = image.png; path = "Default-568h@2x.png"; sourceTree = "<group>"; };
		C37B6C5D16E7364E00F4DA5F /* ABViewController.h */ = {isa = PBXFileReference; lastKnownFileType = sourcecode.c.h; path = ABViewController.h; sourceTree = "<group>"; };
		C37B6C5E16E7364E00F4DA5F /* ABViewController.m */ = {isa = PBXFileReference; lastKnownFileType = sourcecode.c.objc; path = ABViewController.m; sourceTree = "<group>"; };
		C37B6C6116E7364E00F4DA5F /* en */ = {isa = PBXFileReference; lastKnownFileType = file.xib; name = en; path = en.lproj/ABViewController_iPhone.xib; sourceTree = "<group>"; };
		C37B6C6416E7364E00F4DA5F /* en */ = {isa = PBXFileReference; lastKnownFileType = file.xib; name = en; path = en.lproj/ABViewController_iPad.xib; sourceTree = "<group>"; };
/* End PBXFileReference section */

/* Begin PBXFrameworksBuildPhase section */
		C37B6C3F16E7364E00F4DA5F /* Frameworks */ = {
			isa = PBXFrameworksBuildPhase;
			buildActionMask = 2147483647;
			files = (
				C37B6C4616E7364E00F4DA5F /* UIKit.framework in Frameworks */,
				C37B6C4816E7364E00F4DA5F /* Foundation.framework in Frameworks */,
				C37B6C4A16E7364E00F4DA5F /* CoreGraphics.framework in Frameworks */,
			);
			runOnlyForDeploymentPostprocessing = 0;
		};
/* End PBXFrameworksBuildPhase section */

/* Begin PBXGroup section */
		C37B6C3916E7364D00F4DA5F = {
			isa = PBXGroup;
			children = (
				C37B6C4B16E7364E00F4DA5F /* TestProject */,
				C37B6C4416E7364E00F4DA5F /* Frameworks */,
				C37B6C4316E7364E00F4DA5F /* Products */,
			);
			sourceTree = "<group>";
		};
		C37B6C4316E7364E00F4DA5F /* Products */ = {
			isa = PBXGroup;
			children = (
				C37B6C4216E7364E00F4DA5F /* TestProject.app */,
			);
			name = Products;
			sourceTree = "<group>";
		};
		C37B6C4416E7364E00F4DA5F /* Frameworks */ = {
			isa = PBXGroup;
			children = (
				C37B6C4516E7364E00F4DA5F /* UIKit.framework */,
				C37B6C4716E7364E00F4DA5F /* Foundation.framework */,
				C37B6C4916E7364E00F4DA5F /* CoreGraphics.framework */,
			);
			name = Frameworks;
			sourceTree = "<group>";
		};
		C37B6C4B16E7364E00F4DA5F /* TestProject */ = {
			isa = PBXGroup;
			children = (
				C37B6C5416E7364E00F4DA5F /* ABAppDelegate.h */,
				C37B6C5516E7364E00F4DA5F /* ABAppDelegate.m */,
				C37B6C5D16E7364E00F4DA5F /* ABViewController.h */,
				C37B6C5E16E7364E00F4DA5F /* ABViewController.m */,
				C37B6C6016E7364E00F4DA5F /* ABViewController_iPhone.xib */,
				C37B6C6316E7364E00F4DA5F /* ABViewController_iPad.xib */,
				C37B6C4C16E7364E00F4DA5F /* Supporting Files */,
			);
			path = TestProject;
			sourceTree = "<group>";
		};
		C37B6C4C16E7364E00F4DA5F /* Supporting Files */ = {
			isa = PBXGroup;
			children = (
				C37B6C4D16E7364E00F4DA5F /* TestProject-Info.plist */,
				C37B6C4E16E7364E00F4DA5F /* InfoPlist.strings */,
				C37B6C5116E7364E00F4DA5F /* main.m */,
				C37B6C5316E7364E00F4DA5F /* TestProject-Prefix.pch */,
				C37B6C5716E7364E00F4DA5F /* Default.png */,
				C37B6C5916E7364E00F4DA5F /* Default@2x.png */,
				C37B6C5B16E7364E00F4DA5F /* Default-568h@2x.png */,
			);
			name = "Supporting Files";
			sourceTree = "<group>";
		};
/* End PBXGroup section */

/* Begin PBXNativeTarget section */
		C37B6C4116E7364E00F4DA5F /* TestProject */ = {
			isa = PBXNativeTarget;
			buildConfigurationList = C37B6C6816E7364E00F4DA5F /* Build configuration list for PBXNativeTarget "TestProject" */;
			buildPhases = (
				C37B6C3E16E7364E00F4DA5F /* Sources */,
				C37B6C3F16E7364E00F4DA5F /* Frameworks */,
				C37B6C4016E7364E00F4DA5F /* Resources */,
			);
			buildRules = (
			);
			dependencies = (
			);
			name = TestProject;
			productName = TestProject;
			productReference = C37B6C4216E7364E00F4DA5F /* TestProject.app */;
			productType = "com.apple.product-type.application";
		};
/* End PBXNativeTarget section */

/* Begin PBXProject section */
		C37B6C3A16E7364E00F4DA5F /* Project object */ = {
			isa = PBXProject;
			attributes = {
				CLASSPREFIX = AB;
				LastUpgradeCheck = 0460;
				ORGANIZATIONNAME = nipu;
			};
			buildConfigurationList = C37B6C3D16E7364E00F4DA5F /* Build configuration list for PBXProject "TestProject" */;
			compatibilityVersion = "Xcode 3.2";
			developmentRegion = English;
			hasScannedForEncodings = 0;
			knownRegions = (
				en,
			);
			mainGroup = C37B6C3916E7364D00F4DA5F;
			productRefGroup = C37B6C4316E7364E00F4DA5F /* Products */;
			projectDirPath = "";
			projectRoot = "";
			targets = (
				C37B6C4116E7364E00F4DA5F /* TestProject */,
			);
		};
/* End PBXProject section */

/* Begin PBXResourcesBuildPhase section */
		C37B6C4016E7364E00F4DA5F /* Resources */ = {
			isa = PBXResourcesBuildPhase;
			buildActionMask = 2147483647;
			files = (
				C37B6C5016E7364E00F4DA5F /* InfoPlist.strings in Resources */,
				C37B6C5816E7364E00F4DA5F /* Default.png in Resources */,
				C37B6C5A16E7364E00F4DA5F /* Default@2x.png in Resources */,
				C37B6C5C16E7364E00F4DA5F /* Default-568h@2x.png in Resources */,
				C37B6C6216E7364E00F4DA5F /* ABViewController_iPhone.xib in Resources */,
				C37B6C6516E7364E00F4DA5F /* ABViewController_iPad.xib in Resources */,
			);
			runOnlyForDeploymentPostprocessing = 0;
		};
/* End PBXResourcesBuildPhase section */

/* Begin PBXSourcesBuildPhase section */
		C37B6C3E16E7364E00F4DA5F /* Sources */ = {
			isa = PBXSourcesBuildPhase;
			buildActionMask = 2147483647;
			files = (
				C37B6C5216E7364E00F4DA5F /* main.m in Sources */,
				C37B6C5616E7364E00F4DA5F /* ABAppDelegate.m in Sources */,
				C37B6C5F16E7364E00F4DA5F /* ABViewController.m in Sources */,
			);
			runOnlyForDeploymentPostprocessing = 0;
		};
/* End PBXSourcesBuildPhase section */

/* Begin PBXVariantGroup section */
		C37B6C4E16E7364E00F4DA5F /* InfoPlist.strings */ = {
			isa = PBXVariantGroup;
			children = (
				C37B6C4F16E7364E00F4DA5F /* en */,
			);
			name = InfoPlist.strings;
			sourceTree = "<group>";
		};
		C37B6C6016E7364E00F4DA5F /* ABViewController_iPhone.xib */ = {
			isa = PBXVariantGroup;
			children = (
				C37B6C6116E7364E00F4DA5F /* en */,
			);
			name = ABViewController_iPhone.xib;
			sourceTree = "<group>";
		};
		C37B6C6316E7364E00F4DA5F /* ABViewController_iPad.xib */ = {
			isa = PBXVariantGroup;
			children = (
				C37B6C6416E7364E00F4DA5F /* en */,
			);
			name = ABViewController_iPad.xib;
			sourceTree = "<group>";
		};
/* End PBXVariantGroup section */

/* Begin XCBuildConfiguration section */
		C37B6C6616E7364E00F4DA5F /* Debug */ = {
			isa = XCBuildConfiguration;
			buildSettings = {
				ALWAYS_SEARCH_USER_PATHS = NO;
				CLANG_CXX_LANGUAGE_STANDARD = "gnu++0x";
				CLANG_CXX_LIBRARY = "libc++";
				CLANG_ENABLE_OBJC_ARC = YES;
				CLANG_WARN_CONSTANT_CONVERSION = YES;
				CLANG_WARN_EMPTY_BODY = YES;
				CLANG_WARN_ENUM_CONVERSION = YES;
				CLANG_WARN_INT_CONVERSION = YES;
				CLANG_WARN__DUPLICATE_METHOD_MATCH = YES;
				"CODE_SIGN_IDENTITY[sdk=iphoneos*]" = "iPhone Developer";
				COPY_PHASE_STRIP = NO;
				GCC_C_LANGUAGE_STANDARD = gnu99;
				GCC_DYNAMIC_NO_PIC = NO;
				GCC_OPTIMIZATION_LEVEL = 0;
				GCC_PREPROCESSOR_DEFINITIONS = (
					"DEBUG=1",
					"$(inherited)",
				);
				GCC_SYMBOLS_PRIVATE_EXTERN = NO;
				GCC_WARN_ABOUT_RETURN_TYPE = YES;
				GCC_WARN_UNINITIALIZED_AUTOS = YES;
				GCC_WARN_UNUSED_VARIABLE = YES;
				IPHONEOS_DEPLOYMENT_TARGET = 6.1;
				ONLY_ACTIVE_ARCH = YES;
				SDKROOT = iphoneos;
				TARGETED_DEVICE_FAMILY = "1,2";
			};
			name = Debug;
		};
		C37B6C6716E7364E00F4DA5F /* Release */ = {
			isa = XCBuildConfiguration;
			buildSettings = {
				ALWAYS_SEARCH_USER_PATHS = NO;
				CLANG_CXX_LANGUAGE_STANDARD = "gnu++0x";
				CLANG_CXX_LIBRARY = "libc++";
				CLANG_ENABLE_OBJC_ARC = YES;
				CLANG_WARN_CONSTANT_CONVERSION = YES;
				CLANG_WARN_EMPTY_BODY = YES;
				CLANG_WARN_ENUM_CONVERSION = YES;
				CLANG_WARN_INT_CONVERSION = YES;
				CLANG_WARN__DUPLICATE_METHOD_MATCH = YES;
				"CODE_SIGN_IDENTITY[sdk=iphoneos*]" = "iPhone Developer";
				COPY_PHASE_STRIP = YES;
				GCC_C_LANGUAGE_STANDARD = gnu99;
				GCC_WARN_ABOUT_RETURN_TYPE = YES;
				GCC_WARN_UNINITIALIZED_AUTOS = YES;
				GCC_WARN_UNUSED_VARIABLE = YES;
				IPHONEOS_DEPLOYMENT_TARGET = 6.1;
				OTHER_CFLAGS = "-DNS_BLOCK_ASSERTIONS=1";
				SDKROOT = iphoneos;
				TARGETED_DEVICE_FAMILY = "1,2";
				VALIDATE_PRODUCT = YES;
			};
			name = Release;
		};
		C37B6C6916E7364E00F4DA5F /* Debug */ = {
			isa = XCBuildConfiguration;
			buildSettings = {
				GCC_PRECOMPILE_PREFIX_HEADER = YES;
				GCC_PREFIX_HEADER = "TestProject/TestProject-Prefix.pch";
				INFOPLIST_FILE = "TestProject/TestProject-Info.plist";
				PRODUCT_NAME = "$(TARGET_NAME)";
				WRAPPER_EXTENSION = app;
			};
			name = Debug;
		};
		C37B6C6A16E7364E00F4DA5F /* Release */ = {
			isa = XCBuildConfiguration;
			buildSettings = {
				GCC_PRECOMPILE_PREFIX_HEADER = YES;
				GCC_PREFIX_HEADER = "TestProject/TestProject-Prefix.pch";
				INFOPLIST_FILE = "TestProject/TestProject-Info.plist";
				PRODUCT_NAME = "$(TARGET_NAME)";
				WRAPPER_EXTENSION = app;
			};
			name = Release;
		};
/* End XCBuildConfiguration section */

/* Begin XCConfigurationList section */
		C37B6C3D16E7364E00F4DA5F /* Build configuration list for PBXProject "TestProject" */ = {
			isa = XCConfigurationList;
			buildConfigurations = (
				C37B6C6616E7364E00F4DA5F /* Debug */,
				C37B6C6716E7364E00F4DA5F /* Release */,
			);
			defaultConfigurationIsVisible = 0;
			defaultConfigurationName = Release;
		};
		C37B6C6816E7364E00F4DA5F /* Build configuration list for PBXNativeTarget "TestProject" */ = {
			isa = XCConfigurationList;
			buildConfigurations = (
				C37B6C6916E7364E00F4DA5F /* Debug */,
				C37B6C6A16E7364E00F4DA5F /* Release */,
			);
			defaultConfigurationIsVisible = 0;
		};
/* End XCConfigurationList section */
	};
	rootObject = C37B6C3A16E7364E00F4DA5F /* Project object */;
}
